
Microsoft Visual Studio Solution File, Format Version 12.00
# Visual Studio Version 17
VisualStudioVersion = 17.9.34701.34
MinimumVisualStudioVersion = 10.0.40219.1
Project("{9A19103F-16F7-4668-BE54-9A1E7A4F7556}") = "eMovies", "eMovies.csproj", "{7C594F2A-ACF0-49ED-BE85-6F89DC13E400}"
EndProject
Global
	GlobalSection(SolutionConfigurationPlatforms) = preSolution
		Debug|Any CPU = Debug|Any CPU
		Release|Any CPU = Release|Any CPU
	EndGlobalSection
	GlobalSection(ProjectConfigurationPlatforms) = postSolution
		{7C594F2A-ACF0-49ED-BE85-6F89DC13E400}.Debug|Any CPU.ActiveCfg = Debug|Any CPU
		{7C594F2A-ACF0-49ED-BE85-6F89DC13E400}.Debug|Any CPU.Build.0 = Debug|Any CPU
		{7C594F2A-ACF0-49ED-BE85-6F89DC13E400}.Release|Any CPU.ActiveCfg = Release|Any CPU
		{7C594F2A-ACF0-49ED-BE85-6F89DC13E400}.Release|Any CPU.Build.0 = Release|Any CPU
	EndGlobalSection
	GlobalSection(SolutionProperties) = preSolution
		HideSolutionNode = FALSE
	EndGlobalSection
	GlobalSection(ExtensibilityGlobals) = postSolution
		SolutionGuid = {373B4085-94A3-4636-B9CA-F55F5C0C586B}
	EndGlobalSection
EndGlobal
